// !$*UTF8*$!
{
	archiveVersion = 1;
	classes = {
	};
	objectVersion = 50;
	objects = {

/* Begin PBXBuildFile section */
		43D71648248C2265009FE90D /* AppDelegate.swift in Sources */ = {isa = PBXBuildFile; fileRef = 43D71647248C2265009FE90D /* AppDelegate.swift */; };
		43D7164A248C2265009FE90D /* SceneDelegate.swift in Sources */ = {isa = PBXBuildFile; fileRef = 43D71649248C2265009FE90D /* SceneDelegate.swift */; };
		43D7164C248C2265009FE90D /* ViewController.swift in Sources */ = {isa = PBXBuildFile; fileRef = 43D7164B248C2265009FE90D /* ViewController.swift */; };
		43D7164F248C2265009FE90D /* Main.storyboard in Resources */ = {isa = PBXBuildFile; fileRef = 43D7164D248C2265009FE90D /* Main.storyboard */; };
		43D71652248C2265009FE90D /* ViosFirstApp.xcdatamodeld in Sources */ = {isa = PBXBuildFile; fileRef = 43D71650248C2265009FE90D /* ViosFirstApp.xcdatamodeld */; };
		43D71654248C2268009FE90D /* Assets.xcassets in Resources */ = {isa = PBXBuildFile; fileRef = 43D71653248C2268009FE90D /* Assets.xcassets */; };
		43D71657248C2268009FE90D /* LaunchScreen.storyboard in Resources */ = {isa = PBXBuildFile; fileRef = 43D71655248C2268009FE90D /* LaunchScreen.storyboard */; };
/* End PBXBuildFile section */

/* Begin PBXFileReference section */
		43D71644248C2265009FE90D /* ViosFirstApp.app */ = {isa = PBXFileReference; explicitFileType = wrapper.application; includeInIndex = 0; path = ViosFirstApp.app; sourceTree = BUILT_PRODUCTS_DIR; };
		43D71647248C2265009FE90D /* AppDelegate.swift */ = {isa = PBXFileReference; lastKnownFileType = sourcecode.swift; path = AppDelegate.swift; sourceTree = "<group>"; };
		43D71649248C2265009FE90D /* SceneDelegate.swift */ = {isa = PBXFileReference; lastKnownFileType = sourcecode.swift; path = SceneDelegate.swift; sourceTree = "<group>"; };
		43D7164B248C2265009FE90D /* ViewController.swift */ = {isa = PBXFileReference; lastKnownFileType = sourcecode.swift; path = ViewController.swift; sourceTree = "<group>"; };
		43D7164E248C2265009FE90D /* Base */ = {isa = PBXFileReference; lastKnownFileType = file.storyboard; name = Base; path = Base.lproj/Main.storyboard; sourceTree = "<group>"; };
		43D71651248C2265009FE90D /* ViosFirstApp.xcdatamodel */ = {isa = PBXFileReference; lastKnownFileType = wrapper.xcdatamodel; path = ViosFirstApp.xcdatamodel; sourceTree = "<group>"; };
		43D71653248C2268009FE90D /* Assets.xcassets */ = {isa = PBXFileReference; lastKnownFileType = folder.assetcatalog; path = Assets.xcassets; sourceTree = "<group>"; };
		43D71656248C2268009FE90D /* Base */ = {isa = PBXFileReference; lastKnownFileType = file.storyboard; name = Base; path = Base.lproj/LaunchScreen.storyboard; sourceTree = "<group>"; };
		43D71658248C2268009FE90D /* Info.plist */ = {isa = PBXFileReference; lastKnownFileType = text.plist.xml; path = Info.plist; sourceTree = "<group>"; };
/* End PBXFileReference section */

/* Begin PBXFrameworksBuildPhase section */
		43D71641248C2265009FE90D /* Frameworks */ = {
			isa = PBXFrameworksBuildPhase;
			buildActionMask = 2147483647;
			files = (
			);
			runOnlyForDeploymentPostprocessing = 0;
		};
/* End PBXFrameworksBuildPhase section */

/* Begin PBXGroup section */
		43D7163B248C2265009FE90D = {
			isa = PBXGroup;
			children = (
				43D71646248C2265009FE90D /* ViosFirstApp */,
				43D71645248C2265009FE90D /* Products */,
			);
			sourceTree = "<group>";
		};
		43D71645248C2265009FE90D /* Products */ = {
			isa = PBXGroup;
			children = (
				43D71644248C2265009FE90D /* ViosFirstApp.app */,
			);
			name = Products;
			sourceTree = "<group>";
		};
		43D71646248C2265009FE90D /* ViosFirstApp */ = {
			isa = PBXGroup;
			children = (
				43D71647248C2265009FE90D /* AppDelegate.swift */,
				43D71649248C2265009FE90D /* SceneDelegate.swift */,
				43D7164B248C2265009FE90D /* ViewController.swift */,
				43D7164D248C2265009FE90D /* Main.storyboard */,
				43D71653248C2268009FE90D /* Assets.xcassets */,
				43D71655248C2268009FE90D /* LaunchScreen.storyboard */,
				43D71658248C2268009FE90D /* Info.plist */,
				43D71650248C2265009FE90D /* ViosFirstApp.xcdatamodeld */,
			);
			path = ViosFirstApp;
			sourceTree = "<group>";
		};
/* End PBXGroup section */

/* Begin PBXNativeTarget section */
		43D71643248C2265009FE90D /* ViosFirstApp */ = {
			isa = PBXNativeTarget;
			buildConfigurationList = 43D7165B248C2268009FE90D /* Build configuration list for PBXNativeTarget "ViosFirstApp" */;
			buildPhases = (
				43D71640248C2265009FE90D /* Sources */,
				43D71641248C2265009FE90D /* Frameworks */,
				43D71642248C2265009FE90D /* Resources */,
			);
			buildRules = (
			);
			dependencies = (
			);
			name = ViosFirstApp;
			productName = ViosFirstApp;
			productReference = 43D71644248C2265009FE90D /* ViosFirstApp.app */;
			productType = "com.apple.product-type.application";
		};
/* End PBXNativeTarget section */

/* Begin PBXProject section */
		43D7163C248C2265009FE90D /* Project object */ = {
			isa = PBXProject;
			attributes = {
				LastSwiftUpdateCheck = 1150;
				LastUpgradeCheck = 1150;
				ORGANIZATIONNAME = "[code2 app];";
				TargetAttributes = {
					43D71643248C2265009FE90D = {
						CreatedOnToolsVersion = 11.5;
					};
				};
			};
			buildConfigurationList = 43D7163F248C2265009FE90D /* Build configuration list for PBXProject "ViosFirstApp" */;
			compatibilityVersion = "Xcode 9.3";
			developmentRegion = en;
			hasScannedForEncodings = 0;
			knownRegions = (
				en,
				Base,
			);
			mainGroup = 43D7163B248C2265009FE90D;
			productRefGroup = 43D71645248C2265009FE90D /* Products */;
			projectDirPath = "";
			projectRoot = "";
			targets = (
				43D71643248C2265009FE90D /* ViosFirstApp */,
			);
		};
/* End PBXProject section */

/* Begin PBXResourcesBuildPhase section */
		43D71642248C2265009FE90D /* Resources */ = {
			isa = PBXResourcesBuildPhase;
			buildActionMask = 2147483647;
			files = (
				43D71657248C2268009FE90D /* LaunchScreen.storyboard in Resources */,
				43D71654248C2268009FE90D /* Assets.xcassets in Resources */,
				43D7164F248C2265009FE90D /* Main.storyboard in Resources */,
			);
			runOnlyForDeploymentPostprocessing = 0;
		};
/* End PBXResourcesBuildPhase section */

/* Begin PBXSourcesBuildPhase section */
		43D71640248C2265009FE90D /* Sources */ = {
			isa = PBXSourcesBuildPhase;
			buildActionMask = 2147483647;
			files = (
				43D7164C248C2265009FE90D /* ViewController.swift in Sources */,
				43D71648248C2265009FE90D /* AppDelegate.swift in Sources */,
				43D7164A248C2265009FE90D /* SceneDelegate.swift in Sources */,
				43D71652248C2265009FE90D /* ViosFirstApp.xcdatamodeld in Sources */,
			);
			runOnlyForDeploymentPostprocessing = 0;
		};
/* End PBXSourcesBuildPhase section */

/* Begin PBXVariantGroup section */
		43D7164D248C2265009FE90D /* Main.storyboard */ = {
			isa = PBXVariantGroup;
			children = (
				43D7164E248C2265009FE90D /* Base */,
			);
			name = Main.storyboard;
			sourceTree = "<group>";
		};
		43D71655248C2268009FE90D /* LaunchScreen.storyboard */ = {
			isa = PBXVariantGroup;
			children = (
				43D71656248C2268009FE90D /* Base */,
			);
			name = LaunchScreen.storyboard;
			sourceTree = "<group>";
		};
/* End PBXVariantGroup section */

/* Begin XCBuildConfiguration section */
		43D71659248C2268009FE90D /* Debug */ = {
			isa = XCBuildConfiguration;
			buildSettings = {
				ALWAYS_SEARCH_USER_PATHS = NO;
				CLANG_ANALYZER_NONNULL = YES;
				CLANG_ANALYZER_NUMBER_OBJECT_CONVERSION = YES_AGGRESSIVE;
				CLANG_CXX_LANGUAGE_STANDARD = "gnu++14";
				CLANG_CXX_LIBRARY = "libc++";
				CLANG_ENABLE_MODULES = YES;
				CLANG_ENABLE_OBJC_ARC = YES;
				CLANG_ENABLE_OBJC_WEAK = YES;
				CLANG_WARN_BLOCK_CAPTURE_AUTORELEASING = YES;
				CLANG_WARN_BOOL_CONVERSION = YES;
				CLANG_WARN_COMMA = YES;
				CLANG_WARN_CONSTANT_CONVERSION = YES;
				CLANG_WARN_DEPRECATED_OBJC_IMPLEMENTATIONS = YES;
				CLANG_WARN_DIRECT_OBJC_ISA_USAGE = YES_ERROR;
				CLANG_WARN_DOCUMENTATION_COMMENTS = YES;
				CLANG_WARN_EMPTY_BODY = YES;
				CLANG_WARN_ENUM_CONVERSION = YES;
				CLANG_WARN_INFINITE_RECURSION = YES;
				CLANG_WARN_INT_CONVERSION = YES;
				CLANG_WARN_NON_LITERAL_NULL_CONVERSION = YES;
				CLANG_WARN_OBJC_IMPLICIT_RETAIN_SELF = YES;
				CLANG_WARN_OBJC_LITERAL_CONVERSION = YES;
				CLANG_WARN_OBJC_ROOT_CLASS = YES_ERROR;
				CLANG_WARN_RANGE_LOOP_ANALYSIS = YES;
				CLANG_WARN_STRICT_PROTOTYPES = YES;
				CLANG_WARN_SUSPICIOUS_MOVE = YES;
				CLANG_WARN_UNGUARDED_AVAILABILITY = YES_AGGRESSIVE;
				CLANG_WARN_UNREACHABLE_CODE = YES;
				CLANG_WARN__DUPLICATE_METHOD_MATCH = YES;
				COPY_PHASE_STRIP = NO;
				DEBUG_INFORMATION_FORMAT = dwarf;
				ENABLE_STRICT_OBJC_MSGSEND = YES;
				ENABLE_TESTABILITY = YES;
				GCC_C_LANGUAGE_STANDARD = gnu11;
				GCC_DYNAMIC_NO_PIC = NO;
				GCC_NO_COMMON_BLOCKS = YES;
				GCC_OPTIMIZATION_LEVEL = 0;
				GCC_PREPROCESSOR_DEFINITIONS = (
					"DEBUG=1",
					"$(inherited)",
				);
				GCC_WARN_64_TO_32_BIT_CONVERSION = YES;
				GCC_WARN_ABOUT_RETURN_TYPE = YES_ERROR;
				GCC_WARN_UNDECLARED_SELECTOR = YES;
				GCC_WARN_UNINITIALIZED_AUTOS = YES_AGGRESSIVE;
				GCC_WARN_UNUSED_FUNCTION = YES;
				GCC_WARN_UNUSED_VARIABLE = YES;
				IPHONEOS_DEPLOYMENT_TARGET = 10.0;
				MTL_ENABLE_DEBUG_INFO = INCLUDE_SOURCE;
				MTL_FAST_MATH = YES;
				ONLY_ACTIVE_ARCH = YES;
				SDKROOT = iphoneos;
				SWIFT_ACTIVE_COMPILATION_CONDITIONS = DEBUG;
				SWIFT_OPTIMIZATION_LEVEL = "-Onone";
			};
			name = Debug;
		};
		43D7165A248C2268009FE90D /* Release */ = {
			isa = XCBuildConfiguration;
			buildSettings = {
				ALWAYS_SEARCH_USER_PATHS = NO;
				CLANG_ANALYZER_NONNULL = YES;
				CLANG_ANALYZER_NUMBER_OBJECT_CONVERSION = YES_AGGRESSIVE;
				CLANG_CXX_LANGUAGE_STANDARD = "gnu++14";
				CLANG_CXX_LIBRARY = "libc++";
				CLANG_ENABLE_MODULES = YES;
				CLANG_ENABLE_OBJC_ARC = YES;
				CLANG_ENABLE_OBJC_WEAK = YES;
				CLANG_WARN_BLOCK_CAPTURE_AUTORELEASING = YES;
				CLANG_WARN_BOOL_CONVERSION = YES;
				CLANG_WARN_COMMA = YES;
				CLANG_WARN_CONSTANT_CONVERSION = YES;
				CLANG_WARN_DEPRECATED_OBJC_IMPLEMENTATIONS = YES;
				CLANG_WARN_DIRECT_OBJC_ISA_USAGE = YES_ERROR;
				CLANG_WARN_DOCUMENTATION_COMMENTS = YES;
				CLANG_WARN_EMPTY_BODY = YES;
				CLANG_WARN_ENUM_CONVERSION = YES;
				CLANG_WARN_INFINITE_RECURSION = YES;
				CLANG_WARN_INT_CONVERSION = YES;
				CLANG_WARN_NON_LITERAL_NULL_CONVERSION = YES;
				CLANG_WARN_OBJC_IMPLICIT_RETAIN_SELF = YES;
				CLANG_WARN_OBJC_LITERAL_CONVERSION = YES;
				CLANG_WARN_OBJC_ROOT_CLASS = YES_ERROR;
				CLANG_WARN_RANGE_LOOP_ANALYSIS = YES;
				CLANG_WARN_STRICT_PROTOTYPES = YES;
				CLANG_WARN_SUSPICIOUS_MOVE = YES;
				CLANG_WARN_UNGUARDED_AVAILABILITY = YES_AGGRESSIVE;
				CLANG_WARN_UNREACHABLE_CODE = YES;
				CLANG_WARN__DUPLICATE_METHOD_MATCH = YES;
				COPY_PHASE_STRIP = NO;
				DEBUG_INFORMATION_FORMAT = "dwarf-with-dsym";
				ENABLE_NS_ASSERTIONS = NO;
				ENABLE_STRICT_OBJC_MSGSEND = YES;
				GCC_C_LANGUAGE_STANDARD = gnu11;
				GCC_NO_COMMON_BLOCKS = YES;
				GCC_WARN_64_TO_32_BIT_CONVERSION = YES;
				GCC_WARN_ABOUT_RETURN_TYPE = YES_ERROR;
				GCC_WARN_UNDECLARED_SELECTOR = YES;
				GCC_WARN_UNINITIALIZED_AUTOS = YES_AGGRESSIVE;
				GCC_WARN_UNUSED_FUNCTION = YES;
				GCC_WARN_UNUSED_VARIABLE = YES;
				IPHONEOS_DEPLOYMENT_TARGET = 10.0;
				MTL_ENABLE_DEBUG_INFO = NO;
				MTL_FAST_MATH = YES;
				SDKROOT = iphoneos;
				SWIFT_COMPILATION_MODE = wholemodule;
				SWIFT_OPTIMIZATION_LEVEL = "-O";
				VALIDATE_PRODUCT = YES;
			};
			name = Release;
		};
		43D7165C248C2268009FE90D /* Debug */ = {
			isa = XCBuildConfiguration;
			buildSettings = {
				ASSETCATALOG_COMPILER_APPICON_NAME = AppIcon;
				CODE_SIGN_STYLE = Automatic;
				DEVELOPMENT_TEAM = TWL9GTP42W;
				INFOPLIST_FILE = ViosFirstApp/Info.plist;
				IPHONEOS_DEPLOYMENT_TARGET = 13.4;
				LD_RUNPATH_SEARCH_PATHS = (
					"$(inherited)",
					"@executable_path/Frameworks",
				);
				PRODUCT_BUNDLE_IDENTIFIER = com.code2app.ViosFirstApp;
				PRODUCT_NAME = "$(TARGET_NAME)";
				SWIFT_VERSION = 5.0;
				TARGETED_DEVICE_FAMILY = "1,2";
			};
			name = Debug;
		};
		43D7165D248C2268009FE90D /* Release */ = {
			isa = XCBuildConfiguration;
			buildSettings = {
				ASSETCATALOG_COMPILER_APPICON_NAME = AppIcon;
				CODE_SIGN_STYLE = Automatic;
				DEVELOPMENT_TEAM = TWL9GTP42W;
				INFOPLIST_FILE = ViosFirstApp/Info.plist;
				IPHONEOS_DEPLOYMENT_TARGET = 13.4;
				LD_RUNPATH_SEARCH_PATHS = (
					"$(inherited)",
					"@executable_path/Frameworks",
				);
				PRODUCT_BUNDLE_IDENTIFIER = com.code2app.ViosFirstApp;
				PRODUCT_NAME = "$(TARGET_NAME)";
				SWIFT_VERSION = 5.0;
				TARGETED_DEVICE_FAMILY = "1,2";
			};
			name = Release;
		};
/* End XCBuildConfiguration section */

/* Begin XCConfigurationList section */
		43D7163F248C2265009FE90D /* Build configuration list for PBXProject "ViosFirstApp" */ = {
			isa = XCConfigurationList;
			buildConfigurations = (
				43D71659248C2268009FE90D /* Debug */,
				43D7165A248C2268009FE90D /* Release */,
			);
			defaultConfigurationIsVisible = 0;
			defaultConfigurationName = Release;
		};
		43D7165B248C2268009FE90D /* Build configuration list for PBXNativeTarget "ViosFirstApp" */ = {
			isa = XCConfigurationList;
			buildConfigurations = (
				43D7165C248C2268009FE90D /* Debug */,
				43D7165D248C2268009FE90D /* Release */,
			);
			defaultConfigurationIsVisible = 0;
			defaultConfigurationName = Release;
		};
/* End XCConfigurationList section */

/* Begin XCVersionGroup section */
		43D71650248C2265009FE90D /* ViosFirstApp.xcdatamodeld */ = {
			isa = XCVersionGroup;
			children = (
				43D71651248C2265009FE90D /* ViosFirstApp.xcdatamodel */,
			);
			currentVersion = 43D71651248C2265009FE90D /* ViosFirstApp.xcdatamodel */;
			path = ViosFirstApp.xcdatamodeld;
			sourceTree = "<group>";
			versionGroupType = wrapper.xcdatamodel;
		};
/* End XCVersionGroup section */
	};
	rootObject = 43D7163C248C2265009FE90D /* Project object */;
}
